
Microsoft Visual Studio Solution File, Format Version 12.00
# Visual Studio Version 18
VisualStudioVersion = 18.5.11709.299 stable
MinimumVisualStudioVersion = 10.0.40219.1
Project("{FAE04EC0-301F-11D3-BF4B-00C04F79EFBC}") = "PindahWebsite3", "PindahWebsite3.csproj", "{39D44F6C-6771-7089-2F26-BADD8D076DF6}"
EndProject
Global
	GlobalSection(SolutionConfigurationPlatforms) = preSolution
		Debug|Any CPU = Debug|Any CPU
		Release|Any CPU = Release|Any CPU
	EndGlobalSection
	GlobalSection(ProjectConfigurationPlatforms) = postSolution
		{39D44F6C-6771-7089-2F26-BADD8D076DF6}.Debug|Any CPU.ActiveCfg = Debug|Any CPU
		{39D44F6C-6771-7089-2F26-BADD8D076DF6}.Debug|Any CPU.Build.0 = Debug|Any CPU
		{39D44F6C-6771-7089-2F26-BADD8D076DF6}.Release|Any CPU.ActiveCfg = Release|Any CPU
		{39D44F6C-6771-7089-2F26-BADD8D076DF6}.Release|Any CPU.Build.0 = Release|Any CPU
	EndGlobalSection
	GlobalSection(SolutionProperties) = preSolution
		HideSolutionNode = FALSE
	EndGlobalSection
	GlobalSection(ExtensibilityGlobals) = postSolution
		SolutionGuid = {6C0957C2-581B-47CB-AF2F-038CB5AE3B76}
	EndGlobalSection
EndGlobal
